
Microsoft Visual Studio Solution File, Format Version 12.00
# Visual Studio Version 16
VisualStudioVersion = 25.0.1700.0
MinimumVisualStudioVersion = 10.0.40219.1
Project("{FAE04EC0-301F-11D3-BF4B-00C04F79EFBC}") = "Demo.WS.WebAPI", "Demo.WS.WebAPI\Demo.WS.WebAPI.csproj", "{F5B91BB8-F3D0-43A4-AEB4-CADB14FCD364}"
EndProject
Global
	GlobalSection(SolutionConfigurationPlatforms) = preSolution
		Debug|Any CPU = Debug|Any CPU
		Release|Any CPU = Release|Any CPU
	EndGlobalSection
	GlobalSection(ProjectConfigurationPlatforms) = postSolution
		{F5B91BB8-F3D0-43A4-AEB4-CADB14FCD364}.Debug|Any CPU.ActiveCfg = Debug|Any CPU
		{F5B91BB8-F3D0-43A4-AEB4-CADB14FCD364}.Debug|Any CPU.Build.0 = Debug|Any CPU
		{F5B91BB8-F3D0-43A4-AEB4-CADB14FCD364}.Release|Any CPU.ActiveCfg = Release|Any CPU
		{F5B91BB8-F3D0-43A4-AEB4-CADB14FCD364}.Release|Any CPU.Build.0 = Release|Any CPU
	EndGlobalSection
	GlobalSection(SolutionProperties) = preSolution
		HideSolutionNode = FALSE
	EndGlobalSection
	GlobalSection(ExtensibilityGlobals) = postSolution
		SolutionGuid = {CC2FCACE-2631-4460-91AE-9D420F0E06EB}
	EndGlobalSection
EndGlobal
